
Microsoft Visual Studio Solution File, Format Version 12.00
# Visual Studio Version 17
VisualStudioVersion = 17.2.32630.192
MinimumVisualStudioVersion = 10.0.40219.1
Project("{FAE04EC0-301F-11D3-BF4B-00C04F79EFBC}") = "Visitor", "Visitor\Visitor.csproj", "{669D0630-9DE8-4C80-8B05-D3DDFE4A796E}"
EndProject
Global
	GlobalSection(SolutionConfigurationPlatforms) = preSolution
		Debug|Any CPU = Debug|Any CPU
		Release|Any CPU = Release|Any CPU
	EndGlobalSection
	GlobalSection(ProjectConfigurationPlatforms) = postSolution
		{669D0630-9DE8-4C80-8B05-D3DDFE4A796E}.Debug|Any CPU.ActiveCfg = Debug|Any CPU
		{669D0630-9DE8-4C80-8B05-D3DDFE4A796E}.Debug|Any CPU.Build.0 = Debug|Any CPU
		{669D0630-9DE8-4C80-8B05-D3DDFE4A796E}.Release|Any CPU.ActiveCfg = Release|Any CPU
		{669D0630-9DE8-4C80-8B05-D3DDFE4A796E}.Release|Any CPU.Build.0 = Release|Any CPU
	EndGlobalSection
	GlobalSection(SolutionProperties) = preSolution
		HideSolutionNode = FALSE
	EndGlobalSection
	GlobalSection(ExtensibilityGlobals) = postSolution
		SolutionGuid = {AEC69711-1674-49BF-9C1D-91E662807A9E}
	EndGlobalSection
EndGlobal
